
Microsoft Visual Studio Solution File, Format Version 11.00
# Visual Studio 2010
Project("{FAE04EC0-301F-11D3-BF4B-00C04F79EFBC}") = "FightForSky", "Assembly-CSharp.csproj", "{7C04DC70-9191-A9C0-190F-E8E0831948AB}"
EndProject
Project("{FAE04EC0-301F-11D3-BF4B-00C04F79EFBC}") = "FightForSky", "Assembly-CSharp-Editor.csproj", "{CD5930C1-A021-6D1B-11FD-F07B47FFA83A}"
EndProject
Global
	GlobalSection(SolutionConfigurationPlatforms) = preSolution
		Debug|Any CPU = Debug|Any CPU
		Release|Any CPU = Release|Any CPU
	EndGlobalSection
	GlobalSection(ProjectConfigurationPlatforms) = postSolution
		{7C04DC70-9191-A9C0-190F-E8E0831948AB}.Debug|Any CPU.ActiveCfg = Debug|Any CPU
		{7C04DC70-9191-A9C0-190F-E8E0831948AB}.Debug|Any CPU.Build.0 = Debug|Any CPU
		{7C04DC70-9191-A9C0-190F-E8E0831948AB}.Release|Any CPU.ActiveCfg = Release|Any CPU
		{7C04DC70-9191-A9C0-190F-E8E0831948AB}.Release|Any CPU.Build.0 = Release|Any CPU
		{CD5930C1-A021-6D1B-11FD-F07B47FFA83A}.Debug|Any CPU.ActiveCfg = Debug|Any CPU
		{CD5930C1-A021-6D1B-11FD-F07B47FFA83A}.Debug|Any CPU.Build.0 = Debug|Any CPU
		{CD5930C1-A021-6D1B-11FD-F07B47FFA83A}.Release|Any CPU.ActiveCfg = Release|Any CPU
		{CD5930C1-A021-6D1B-11FD-F07B47FFA83A}.Release|Any CPU.Build.0 = Release|Any CPU
	EndGlobalSection
	GlobalSection(SolutionProperties) = preSolution
		HideSolutionNode = FALSE
	EndGlobalSection
	GlobalSection(MonoDevelopProperties) = preSolution
		StartupItem = Assembly-CSharp.csproj
	EndGlobalSection
EndGlobal
